
Microsoft Visual Studio Solution File, Format Version 12.00
# Visual Studio Version 17
VisualStudioVersion = 17.11.35017.193
MinimumVisualStudioVersion = 10.0.40219.1
Project("{FAE04EC0-301F-11D3-BF4B-00C04F79EFBC}") = "Employee PayRoll", "Employee PayRoll.csproj", "{547C23B5-A767-4ACD-99D0-59ABEFF1A593}"
EndProject
Global
	GlobalSection(SolutionConfigurationPlatforms) = preSolution
		Debug|Any CPU = Debug|Any CPU
		Release|Any CPU = Release|Any CPU
	EndGlobalSection
	GlobalSection(ProjectConfigurationPlatforms) = postSolution
		{547C23B5-A767-4ACD-99D0-59ABEFF1A593}.Debug|Any CPU.ActiveCfg = Debug|Any CPU
		{547C23B5-A767-4ACD-99D0-59ABEFF1A593}.Debug|Any CPU.Build.0 = Debug|Any CPU
		{547C23B5-A767-4ACD-99D0-59ABEFF1A593}.Release|Any CPU.ActiveCfg = Release|Any CPU
		{547C23B5-A767-4ACD-99D0-59ABEFF1A593}.Release|Any CPU.Build.0 = Release|Any CPU
	EndGlobalSection
	GlobalSection(SolutionProperties) = preSolution
		HideSolutionNode = FALSE
	EndGlobalSection
	GlobalSection(ExtensibilityGlobals) = postSolution
		SolutionGuid = {0ED5208B-7145-4B05-B7CC-BCF41C8709E0}
	EndGlobalSection
EndGlobal
